
Microsoft Visual Studio Solution File, Format Version 12.00
# Visual Studio Version 16
VisualStudioVersion = 16.0.30204.135
MinimumVisualStudioVersion = 10.0.40219.1
Project("{888888A0-9F3D-457C-B088-3A5042F75D52}") = "DL_FrameWork", "DL_FrameWork.pyproj", "{583EACA6-343F-4927-9903-828915736F27}"
EndProject
Global
	GlobalSection(SolutionConfigurationPlatforms) = preSolution
		Debug|Any CPU = Debug|Any CPU
		Release|Any CPU = Release|Any CPU
	EndGlobalSection
	GlobalSection(ProjectConfigurationPlatforms) = postSolution
		{583EACA6-343F-4927-9903-828915736F27}.Debug|Any CPU.ActiveCfg = Debug|Any CPU
		{583EACA6-343F-4927-9903-828915736F27}.Release|Any CPU.ActiveCfg = Release|Any CPU
	EndGlobalSection
	GlobalSection(SolutionProperties) = preSolution
		HideSolutionNode = FALSE
	EndGlobalSection
	GlobalSection(ExtensibilityGlobals) = postSolution
		SolutionGuid = {6C83168B-CD51-4FB9-A233-B198C6BCD40C}
	EndGlobalSection
EndGlobal
